
Microsoft Visual Studio Solution File, Format Version 12.00
# Visual Studio Version 16
VisualStudioVersion = 16.0.30717.126
MinimumVisualStudioVersion = 10.0.40219.1
Project("{FAE04EC0-301F-11D3-BF4B-00C04F79EFBC}") = "I.Report", "I.Report\I.Report.csproj", "{C4646BFD-27A1-4C15-BE60-3826B92060D3}"
EndProject
Project("{FAE04EC0-301F-11D3-BF4B-00C04F79EFBC}") = "I.Report.Config", "I.Report.Config\I.Report.Config.csproj", "{BCCE7560-290D-48E1-924E-992AD9B62A02}"
EndProject
Project("{FAE04EC0-301F-11D3-BF4B-00C04F79EFBC}") = "I.Report.DAL", "I.Report.DAL\I.Report.DAL.csproj", "{91BF6ABC-AC95-4D07-9BC0-EFEC976BCE65}"
EndProject
Global
	GlobalSection(SolutionConfigurationPlatforms) = preSolution
		Debug|Any CPU = Debug|Any CPU
		Release|Any CPU = Release|Any CPU
	EndGlobalSection
	GlobalSection(ProjectConfigurationPlatforms) = postSolution
		{C4646BFD-27A1-4C15-BE60-3826B92060D3}.Debug|Any CPU.ActiveCfg = Debug|Any CPU
		{C4646BFD-27A1-4C15-BE60-3826B92060D3}.Debug|Any CPU.Build.0 = Debug|Any CPU
		{C4646BFD-27A1-4C15-BE60-3826B92060D3}.Release|Any CPU.ActiveCfg = Release|Any CPU
		{C4646BFD-27A1-4C15-BE60-3826B92060D3}.Release|Any CPU.Build.0 = Release|Any CPU
		{BCCE7560-290D-48E1-924E-992AD9B62A02}.Debug|Any CPU.ActiveCfg = Debug|Any CPU
		{BCCE7560-290D-48E1-924E-992AD9B62A02}.Debug|Any CPU.Build.0 = Debug|Any CPU
		{BCCE7560-290D-48E1-924E-992AD9B62A02}.Release|Any CPU.ActiveCfg = Release|Any CPU
		{BCCE7560-290D-48E1-924E-992AD9B62A02}.Release|Any CPU.Build.0 = Release|Any CPU
		{91BF6ABC-AC95-4D07-9BC0-EFEC976BCE65}.Debug|Any CPU.ActiveCfg = Debug|Any CPU
		{91BF6ABC-AC95-4D07-9BC0-EFEC976BCE65}.Debug|Any CPU.Build.0 = Debug|Any CPU
		{91BF6ABC-AC95-4D07-9BC0-EFEC976BCE65}.Release|Any CPU.ActiveCfg = Release|Any CPU
		{91BF6ABC-AC95-4D07-9BC0-EFEC976BCE65}.Release|Any CPU.Build.0 = Release|Any CPU
	EndGlobalSection
	GlobalSection(SolutionProperties) = preSolution
		HideSolutionNode = FALSE
	EndGlobalSection
	GlobalSection(ExtensibilityGlobals) = postSolution
		SolutionGuid = {3559D8CD-0BF8-46AF-94D3-0FAC35A4B1E0}
	EndGlobalSection
EndGlobal
